
Microsoft Visual Studio Solution File, Format Version 12.00
# Visual Studio Version 16
VisualStudioVersion = 16.0.29613.14
MinimumVisualStudioVersion = 15.0.26124.0
Project("{9A19103F-16F7-4668-BE54-9A1E7A4F7556}") = "EnumerableExtensionTask", "EnumerableExtensionTask\EnumerableExtensionTask.csproj", "{0F55B040-9761-4529-B9EA-C240DC7EFC15}"
EndProject
Project("{9A19103F-16F7-4668-BE54-9A1E7A4F7556}") = "ConsoleTests", "ConsoleTests\ConsoleTests.csproj", "{03F19652-86A2-4BEA-ACC1-D4206C8D67F5}"
EndProject
Global
	GlobalSection(SolutionConfigurationPlatforms) = preSolution
		Debug|Any CPU = Debug|Any CPU
		Debug|x64 = Debug|x64
		Debug|x86 = Debug|x86
		Release|Any CPU = Release|Any CPU
		Release|x64 = Release|x64
		Release|x86 = Release|x86
	EndGlobalSection
	GlobalSection(ProjectConfigurationPlatforms) = postSolution
		{0F55B040-9761-4529-B9EA-C240DC7EFC15}.Debug|Any CPU.ActiveCfg = Debug|Any CPU
		{0F55B040-9761-4529-B9EA-C240DC7EFC15}.Debug|Any CPU.Build.0 = Debug|Any CPU
		{0F55B040-9761-4529-B9EA-C240DC7EFC15}.Debug|x64.ActiveCfg = Debug|Any CPU
		{0F55B040-9761-4529-B9EA-C240DC7EFC15}.Debug|x64.Build.0 = Debug|Any CPU
		{0F55B040-9761-4529-B9EA-C240DC7EFC15}.Debug|x86.ActiveCfg = Debug|Any CPU
		{0F55B040-9761-4529-B9EA-C240DC7EFC15}.Debug|x86.Build.0 = Debug|Any CPU
		{0F55B040-9761-4529-B9EA-C240DC7EFC15}.Release|Any CPU.ActiveCfg = Release|Any CPU
		{0F55B040-9761-4529-B9EA-C240DC7EFC15}.Release|Any CPU.Build.0 = Release|Any CPU
		{0F55B040-9761-4529-B9EA-C240DC7EFC15}.Release|x64.ActiveCfg = Release|Any CPU
		{0F55B040-9761-4529-B9EA-C240DC7EFC15}.Release|x64.Build.0 = Release|Any CPU
		{0F55B040-9761-4529-B9EA-C240DC7EFC15}.Release|x86.ActiveCfg = Release|Any CPU
		{0F55B040-9761-4529-B9EA-C240DC7EFC15}.Release|x86.Build.0 = Release|Any CPU
		{03F19652-86A2-4BEA-ACC1-D4206C8D67F5}.Debug|Any CPU.ActiveCfg = Debug|Any CPU
		{03F19652-86A2-4BEA-ACC1-D4206C8D67F5}.Debug|Any CPU.Build.0 = Debug|Any CPU
		{03F19652-86A2-4BEA-ACC1-D4206C8D67F5}.Debug|x64.ActiveCfg = Debug|Any CPU
		{03F19652-86A2-4BEA-ACC1-D4206C8D67F5}.Debug|x64.Build.0 = Debug|Any CPU
		{03F19652-86A2-4BEA-ACC1-D4206C8D67F5}.Debug|x86.ActiveCfg = Debug|Any CPU
		{03F19652-86A2-4BEA-ACC1-D4206C8D67F5}.Debug|x86.Build.0 = Debug|Any CPU
		{03F19652-86A2-4BEA-ACC1-D4206C8D67F5}.Release|Any CPU.ActiveCfg = Release|Any CPU
		{03F19652-86A2-4BEA-ACC1-D4206C8D67F5}.Release|Any CPU.Build.0 = Release|Any CPU
		{03F19652-86A2-4BEA-ACC1-D4206C8D67F5}.Release|x64.ActiveCfg = Release|Any CPU
		{03F19652-86A2-4BEA-ACC1-D4206C8D67F5}.Release|x64.Build.0 = Release|Any CPU
		{03F19652-86A2-4BEA-ACC1-D4206C8D67F5}.Release|x86.ActiveCfg = Release|Any CPU
		{03F19652-86A2-4BEA-ACC1-D4206C8D67F5}.Release|x86.Build.0 = Release|Any CPU
	EndGlobalSection
	GlobalSection(SolutionProperties) = preSolution
		HideSolutionNode = FALSE
	EndGlobalSection
	GlobalSection(ExtensibilityGlobals) = postSolution
		SolutionGuid = {069AD2DC-2108-478D-B2B0-54E676682654}
	EndGlobalSection
EndGlobal
